lockfileVersion: '9.0'

settings:
  autoInstallPeers: true
  excludeLinksFromLockfile: false

importers:

  .:
    dependencies:
      '@types/react':
        specifier: ^18.2.0
        version: 18.3.18
      '@types/react-dom':
        specifier: ^18.2.0
        version: 18.3.5(@types/react@18.3.18)
      '@xyflow/react':
        specifier: ^12.0.0
        version: 12.4.4(@types/react@18.3.18)(react-dom@18.3.1(react@18.3.1))(react@18.3.1)
      react:
        specifier: ^18.2.0
        version: 18.3.1
      react-dom:
        specifier: ^18.2.0
        version: 18.3.1(react@18.3.1)
    devDependencies:
      '@types/node':
        specifier: ^16.0.0
        version: 16.18.126
      '@types/vscode':
        specifier: ^1.80.0
        version: 1.98.0
      esbuild:
        specifier: ^0.18.0
        version: 0.18.20
      typescript:
        specifier: ^5.1.0
        version: 5.8.2

packages:

  '@esbuild/android-arm64@0.18.20':
    resolution: {integrity: sha512-Nz4rJcchGDtENV0eMKUNa6L12zz2zBDXuhj/Vjh18zGqB44Bi7MBMSXjgunJgjRhCmKOjnPuZp4Mb6OKqtMHLQ==}
    engines: {node: '>=12'}
    cpu: [arm64]
    os: [android]

  '@esbuild/android-arm@0.18.20':
    resolution: {integrity: sha512-fyi7TDI/ijKKNZTUJAQqiG5T7YjJXgnzkURqmGj13C6dCqckZBLdl4h7bkhHt/t0WP+zO9/zwroDvANaOqO5Sw==}
    engines: {node: '>=12'}
    cpu: [arm]
    os: [android]

  '@esbuild/android-x64@0.18.20':
    resolution: {integrity: sha512-8GDdlePJA8D6zlZYJV/jnrRAi6rOiNaCC/JclcXpB+KIuvfBN4owLtgzY2bsxnx666XjJx2kDPUmnTtR8qKQUg==}
    engines: {node: '>=12'}
    cpu: [x64]
    os: [android]

  '@esbuild/darwin-arm64@0.18.20':
    resolution: {integrity: sha512-bxRHW5kHU38zS2lPTPOyuyTm+S+eobPUnTNkdJEfAddYgEcll4xkT8DB9d2008DtTbl7uJag2HuE5NZAZgnNEA==}
    engines: {node: '>=12'}
    cpu: [arm64]
    os: [darwin]

  '@esbuild/darwin-x64@0.18.20':
    resolution: {integrity: sha512-pc5gxlMDxzm513qPGbCbDukOdsGtKhfxD1zJKXjCCcU7ju50O7MeAZ8c4krSJcOIJGFR+qx21yMMVYwiQvyTyQ==}
    engines: {node: '>=12'}
    cpu: [x64]
    os: [darwin]

  '@esbuild/freebsd-arm64@0.18.20':
    resolution: {integrity: sha512-yqDQHy4QHevpMAaxhhIwYPMv1NECwOvIpGCZkECn8w2WFHXjEwrBn3CeNIYsibZ/iZEUemj++M26W3cNR5h+Tw==}
    engines: {node: '>=12'}
    cpu: [arm64]
    os: [freebsd]

  '@esbuild/freebsd-x64@0.18.20':
    resolution: {integrity: sha512-tgWRPPuQsd3RmBZwarGVHZQvtzfEBOreNuxEMKFcd5DaDn2PbBxfwLcj4+aenoh7ctXcbXmOQIn8HI6mCSw5MQ==}
    engines: {node: '>=12'}
    cpu: [x64]
    os: [freebsd]

  '@esbuild/linux-arm64@0.18.20':
    resolution: {integrity: sha512-2YbscF+UL7SQAVIpnWvYwM+3LskyDmPhe31pE7/aoTMFKKzIc9lLbyGUpmmb8a8AixOL61sQ/mFh3jEjHYFvdA==}
    engines: {node: '>=12'}
    cpu: [arm64]
    os: [linux]

  '@esbuild/linux-arm@0.18.20':
    resolution: {integrity: sha512-/5bHkMWnq1EgKr1V+Ybz3s1hWXok7mDFUMQ4cG10AfW3wL02PSZi5kFpYKrptDsgb2WAJIvRcDm+qIvXf/apvg==}
    engines: {node: '>=12'}
    cpu: [arm]
    os: [linux]

  '@esbuild/linux-ia32@0.18.20':
    resolution: {integrity: sha512-P4etWwq6IsReT0E1KHU40bOnzMHoH73aXp96Fs8TIT6z9Hu8G6+0SHSw9i2isWrD2nbx2qo5yUqACgdfVGx7TA==}
    engines: {node: '>=12'}
    cpu: [ia32]
    os: [linux]

  '@esbuild/linux-loong64@0.18.20':
    resolution: {integrity: sha512-nXW8nqBTrOpDLPgPY9uV+/1DjxoQ7DoB2N8eocyq8I9XuqJ7BiAMDMf9n1xZM9TgW0J8zrquIb/A7s3BJv7rjg==}
    engines: {node: '>=12'}
    cpu: [loong64]
    os: [linux]

  '@esbuild/linux-mips64el@0.18.20':
    resolution: {integrity: sha512-d5NeaXZcHp8PzYy5VnXV3VSd2D328Zb+9dEq5HE6bw6+N86JVPExrA6O68OPwobntbNJ0pzCpUFZTo3w0GyetQ==}
    engines: {node: '>=12'}
    cpu: [mips64el]
    os: [linux]

  '@esbuild/linux-ppc64@0.18.20':
    resolution: {integrity: sha512-WHPyeScRNcmANnLQkq6AfyXRFr5D6N2sKgkFo2FqguP44Nw2eyDlbTdZwd9GYk98DZG9QItIiTlFLHJHjxP3FA==}
    engines: {node: '>=12'}
    cpu: [ppc64]
    os: [linux]

  '@esbuild/linux-riscv64@0.18.20':
    resolution: {integrity: sha512-WSxo6h5ecI5XH34KC7w5veNnKkju3zBRLEQNY7mv5mtBmrP/MjNBCAlsM2u5hDBlS3NGcTQpoBvRzqBcRtpq1A==}
    engines: {node: '>=12'}
    cpu: [riscv64]
    os: [linux]

  '@esbuild/linux-s390x@0.18.20':
    resolution: {integrity: sha512-+8231GMs3mAEth6Ja1iK0a1sQ3ohfcpzpRLH8uuc5/KVDFneH6jtAJLFGafpzpMRO6DzJ6AvXKze9LfFMrIHVQ==}
    engines: {node: '>=12'}
    cpu: [s390x]
    os: [linux]

  '@esbuild/linux-x64@0.18.20':
    resolution: {integrity: sha512-UYqiqemphJcNsFEskc73jQ7B9jgwjWrSayxawS6UVFZGWrAAtkzjxSqnoclCXxWtfwLdzU+vTpcNYhpn43uP1w==}
    engines: {node: '>=12'}
    cpu: [x64]
    os: [linux]

  '@esbuild/netbsd-x64@0.18.20':
    resolution: {integrity: sha512-iO1c++VP6xUBUmltHZoMtCUdPlnPGdBom6IrO4gyKPFFVBKioIImVooR5I83nTew5UOYrk3gIJhbZh8X44y06A==}
    engines: {node: '>=12'}
    cpu: [x64]
    os: [netbsd]

  '@esbuild/openbsd-x64@0.18.20':
    resolution: {integrity: sha512-e5e4YSsuQfX4cxcygw/UCPIEP6wbIL+se3sxPdCiMbFLBWu0eiZOJ7WoD+ptCLrmjZBK1Wk7I6D/I3NglUGOxg==}
    engines: {node: '>=12'}
    cpu: [x64]
    os: [openbsd]

  '@esbuild/sunos-x64@0.18.20':
    resolution: {integrity: sha512-kDbFRFp0YpTQVVrqUd5FTYmWo45zGaXe0X8E1G/LKFC0v8x0vWrhOWSLITcCn63lmZIxfOMXtCfti/RxN/0wnQ==}
    engines: {node: '>=12'}
    cpu: [x64]
    os: [sunos]

  '@esbuild/win32-arm64@0.18.20':
    resolution: {integrity: sha512-ddYFR6ItYgoaq4v4JmQQaAI5s7npztfV4Ag6NrhiaW0RrnOXqBkgwZLofVTlq1daVTQNhtI5oieTvkRPfZrePg==}
    engines: {node: '>=12'}
    cpu: [arm64]
    os: [win32]

  '@esbuild/win32-ia32@0.18.20':
    resolution: {integrity: sha512-Wv7QBi3ID/rROT08SABTS7eV4hX26sVduqDOTe1MvGMjNd3EjOz4b7zeexIR62GTIEKrfJXKL9LFxTYgkyeu7g==}
    engines: {node: '>=12'}
    cpu: [ia32]
    os: [win32]

  '@esbuild/win32-x64@0.18.20':
    resolution: {integrity: sha512-kTdfRcSiDfQca/y9QIkng02avJ+NCaQvrMejlsB3RRv5sE9rRoeBPISaZpKxHELzRxZyLvNts1P27W3wV+8geQ==}
    engines: {node: '>=12'}
    cpu: [x64]
    os: [win32]

  '@types/d3-color@3.1.3':
    resolution: {integrity: sha512-iO90scth9WAbmgv7ogoq57O9YpKmFBbmoEoCHDB2xMBY0+/KVrqAaCDyCE16dUspeOvIxFFRI+0sEtqDqy2b4A==}

  '@types/d3-drag@3.0.7':
    resolution: {integrity: sha512-HE3jVKlzU9AaMazNufooRJ5ZpWmLIoc90A37WU2JMmeq28w1FQqCZswHZ3xR+SuxYftzHq6WU6KJHvqxKzTxxQ==}

  '@types/d3-interpolate@3.0.4':
    resolution: {integrity: sha512-mgLPETlrpVV1YRJIglr4Ez47g7Yxjl1lj7YKsiMCb27VJH9W8NVM6Bb9d8kkpG/uAQS5AmbA48q2IAolKKo1MA==}

  '@types/d3-selection@3.0.11':
    resolution: {integrity: sha512-bhAXu23DJWsrI45xafYpkQ4NtcKMwWnAC/vKrd2l+nxMFuvOT3XMYTIj2opv8vq8AO5Yh7Qac/nSeP/3zjTK0w==}

  '@types/d3-transition@3.0.9':
    resolution: {integrity: sha512-uZS5shfxzO3rGlu0cC3bjmMFKsXv+SmZZcgp0KD22ts4uGXp5EVYGzu/0YdwZeKmddhcAccYtREJKkPfXkZuCg==}

  '@types/d3-zoom@3.0.8':
    resolution: {integrity: sha512-iqMC4/YlFCSlO8+2Ii1GGGliCAY4XdeG748w5vQUbevlbDu0zSjH/+jojorQVBK/se0j6DUFNPBGSqD3YWYnDw==}

  '@types/node@16.18.126':
    resolution: {integrity: sha512-OTcgaiwfGFBKacvfwuHzzn1KLxH/er8mluiy8/uM3sGXHaRe73RrSIj01jow9t4kJEW633Ov+cOexXeiApTyAw==}

  '@types/prop-types@15.7.14':
    resolution: {integrity: sha512-gNMvNH49DJ7OJYv+KAKn0Xp45p8PLl6zo2YnvDIbTd4J6MER2BmWN49TG7n9LvkyihINxeKW8+3bfS2yDC9dzQ==}

  '@types/react-dom@18.3.5':
    resolution: {integrity: sha512-P4t6saawp+b/dFrUr2cvkVsfvPguwsxtH6dNIYRllMsefqFzkZk5UIjzyDOv5g1dXIPdG4Sp1yCR4Z6RCUsG/Q==}
    peerDependencies:
      '@types/react': ^18.0.0

  '@types/react@18.3.18':
    resolution: {integrity: sha512-t4yC+vtgnkYjNSKlFx1jkAhH8LgTo2N/7Qvi83kdEaUtMDiwpbLAktKDaAMlRcJ5eSxZkH74eEGt1ky31d7kfQ==}

  '@types/vscode@1.98.0':
    resolution: {integrity: sha512-+KuiWhpbKBaG2egF+51KjbGWatTH5BbmWQjSLMDCssb4xF8FJnW4nGH4nuAdOOfMbpD0QlHtI+C3tPq+DoKElg==}

  '@xyflow/react@12.4.4':
    resolution: {integrity: sha512-9RZ9dgKZNJOlbrXXST5HPb5TcXPOIDGondjwcjDro44OQRPl1E0ZRPTeWPGaQtVjbg4WpR4BUYwOeshNI2TuVg==}
    peerDependencies:
      react: '>=17'
      react-dom: '>=17'

  '@xyflow/system@0.0.52':
    resolution: {integrity: sha512-pJBMaoh/GEebIABWEIxAai0yf57dm+kH7J/Br+LnLFPuJL87Fhcmm4KFWd/bCUy/kCWUg+2/yFAGY0AUHRPOnQ==}

  classcat@5.0.5:
    resolution: {integrity: sha512-JhZUT7JFcQy/EzW605k/ktHtncoo9vnyW/2GspNYwFlN1C/WmjuV/xtS04e9SOkL2sTdw0VAZ2UGCcQ9lR6p6w==}

  csstype@3.1.3:
    resolution: {integrity: sha512-M1uQkMl8rQK/szD0LNhtqxIPLpimGm8sOBwU7lLnCpSbTyY3yeU1Vc7l4KT5zT4s/yOxHH5O7tIuuLOCnLADRw==}

  d3-color@3.1.0:
    resolution: {integrity: sha512-zg/chbXyeBtMQ1LbD/WSoW2DpC3I0mpmPdW+ynRTj/x2DAWYrIY7qeZIHidozwV24m4iavr15lNwIwLxRmOxhA==}
    engines: {node: '>=12'}

  d3-dispatch@3.0.1:
    resolution: {integrity: sha512-rzUyPU/S7rwUflMyLc1ETDeBj0NRuHKKAcvukozwhshr6g6c5d8zh4c2gQjY2bZ0dXeGLWc1PF174P2tVvKhfg==}
    engines: {node: '>=12'}

  d3-drag@3.0.0:
    resolution: {integrity: sha512-pWbUJLdETVA8lQNJecMxoXfH6x+mO2UQo8rSmZ+QqxcbyA3hfeprFgIT//HW2nlHChWeIIMwS2Fq+gEARkhTkg==}
    engines: {node: '>=12'}

  d3-ease@3.0.1:
    resolution: {integrity: sha512-wR/XK3D3XcLIZwpbvQwQ5fK+8Ykds1ip7A2Txe0yxncXSdq1L9skcG7blcedkOX+ZcgxGAmLX1FrRGbADwzi0w==}
    engines: {node: '>=12'}

  d3-interpolate@3.0.1:
    resolution: {integrity: sha512-3bYs1rOD33uo8aqJfKP3JWPAibgw8Zm2+L9vBKEHJ2Rg+viTR7o5Mmv5mZcieN+FRYaAOWX5SJATX6k1PWz72g==}
    engines: {node: '>=12'}

  d3-selection@3.0.0:
    resolution: {integrity: sha512-fmTRWbNMmsmWq6xJV8D19U/gw/bwrHfNXxrIN+HfZgnzqTHp9jOmKMhsTUjXOJnZOdZY9Q28y4yebKzqDKlxlQ==}
    engines: {node: '>=12'}

  d3-timer@3.0.1:
    resolution: {integrity: sha512-ndfJ/JxxMd3nw31uyKoY2naivF+r29V+Lc0svZxe1JvvIRmi8hUsrMvdOwgS1o6uBHmiz91geQ0ylPP0aj1VUA==}
    engines: {node: '>=12'}

  d3-transition@3.0.1:
    resolution: {integrity: sha512-ApKvfjsSR6tg06xrL434C0WydLr7JewBB3V+/39RMHsaXTOG0zmt/OAXeng5M5LBm0ojmxJrpomQVZ1aPvBL4w==}
    engines: {node: '>=12'}
    peerDependencies:
      d3-selection: 2 - 3

  d3-zoom@3.0.0:
    resolution: {integrity: sha512-b8AmV3kfQaqWAuacbPuNbL6vahnOJflOhexLzMMNLga62+/nh0JzvJ0aO/5a5MVgUFGS7Hu1P9P03o3fJkDCyw==}
    engines: {node: '>=12'}

  esbuild@0.18.20:
    resolution: {integrity: sha512-ceqxoedUrcayh7Y7ZX6NdbbDzGROiyVBgC4PriJThBKSVPWnnFHZAkfI1lJT8QFkOwH4qOS2SJkS4wvpGl8BpA==}
    engines: {node: '>=12'}
    hasBin: true

  js-tokens@4.0.0:
    resolution: {integrity: sha512-RdJUflcE3cUzKiMqQgsCu06FPu9UdIJO0beYbPhHN4k6apgJtifcoCtT9bcxOpYBtpD2kCM6Sbzg4CausW/PKQ==}

  loose-envify@1.4.0:
    resolution: {integrity: sha512-lyuxPGr/Wfhrlem2CL/UcnUc1zcqKAImBDzukY7Y5F/yQiNdko6+fRLevlw1HgMySw7f611UIY408EtxRSoK3Q==}
    hasBin: true

  react-dom@18.3.1:
    resolution: {integrity: sha512-5m4nQKp+rZRb09LNH59GM4BxTh9251/ylbKIbpe7TpGxfJ+9kv6BLkLBXIjjspbgbnIBNqlI23tRnTWT0snUIw==}
    peerDependencies:
      react: ^18.3.1

  react@18.3.1:
    resolution: {integrity: sha512-wS+hAgJShR0KhEvPJArfuPVN1+Hz1t0Y6n5jLrGQbkb4urgPE/0Rve+1kMB1v/oWgHgm4WIcV+i7F2pTVj+2iQ==}
    engines: {node: '>=0.10.0'}

  scheduler@0.23.2:
    resolution: {integrity: sha512-UOShsPwz7NrMUqhR6t0hWjFduvOzbtv7toDH1/hIrfRNIDBnnBWd0CwJTGvTpngVlmwGCdP9/Zl/tVrDqcuYzQ==}

  typescript@5.8.2:
    resolution: {integrity: sha512-aJn6wq13/afZp/jT9QZmwEjDqqvSGp1VT5GVg+f/t6/oVyrgXM6BY1h9BRh/O5p3PlUPAe+WuiEZOmb/49RqoQ==}
    engines: {node: '>=14.17'}
    hasBin: true

  use-sync-external-store@1.4.0:
    resolution: {integrity: sha512-9WXSPC5fMv61vaupRkCKCxsPxBocVnwakBEkMIHHpkTTg6icbJtg6jzgtLDm4bl3cSHAca52rYWih0k4K3PfHw==}
    peerDependencies:
      react: ^16.8.0 || ^17.0.0 || ^18.0.0 || ^19.0.0

  zustand@4.5.6:
    resolution: {integrity: sha512-ibr/n1hBzLLj5Y+yUcU7dYw8p6WnIVzdJbnX+1YpaScvZVF2ziugqHs+LAmHw4lWO9c/zRj+K1ncgWDQuthEdQ==}
    engines: {node: '>=12.7.0'}
    peerDependencies:
      '@types/react': '>=16.8'
      immer: '>=9.0.6'
      react: '>=16.8'
    peerDependenciesMeta:
      '@types/react':
        optional: true
      immer:
        optional: true
      react:
        optional: true

snapshots:

  '@esbuild/android-arm64@0.18.20':
    optional: true

  '@esbuild/android-arm@0.18.20':
    optional: true

  '@esbuild/android-x64@0.18.20':
    optional: true

  '@esbuild/darwin-arm64@0.18.20':
    optional: true

  '@esbuild/darwin-x64@0.18.20':
    optional: true

  '@esbuild/freebsd-arm64@0.18.20':
    optional: true

  '@esbuild/freebsd-x64@0.18.20':
    optional: true

  '@esbuild/linux-arm64@0.18.20':
    optional: true

  '@esbuild/linux-arm@0.18.20':
    optional: true

  '@esbuild/linux-ia32@0.18.20':
    optional: true

  '@esbuild/linux-loong64@0.18.20':
    optional: true

  '@esbuild/linux-mips64el@0.18.20':
    optional: true

  '@esbuild/linux-ppc64@0.18.20':
    optional: true

  '@esbuild/linux-riscv64@0.18.20':
    optional: true

  '@esbuild/linux-s390x@0.18.20':
    optional: true

  '@esbuild/linux-x64@0.18.20':
    optional: true

  '@esbuild/netbsd-x64@0.18.20':
    optional: true

  '@esbuild/openbsd-x64@0.18.20':
    optional: true

  '@esbuild/sunos-x64@0.18.20':
    optional: true

  '@esbuild/win32-arm64@0.18.20':
    optional: true

  '@esbuild/win32-ia32@0.18.20':
    optional: true

  '@esbuild/win32-x64@0.18.20':
    optional: true

  '@types/d3-color@3.1.3': {}

  '@types/d3-drag@3.0.7':
    dependencies:
      '@types/d3-selection': 3.0.11

  '@types/d3-interpolate@3.0.4':
    dependencies:
      '@types/d3-color': 3.1.3

  '@types/d3-selection@3.0.11': {}

  '@types/d3-transition@3.0.9':
    dependencies:
      '@types/d3-selection': 3.0.11

  '@types/d3-zoom@3.0.8':
    dependencies:
      '@types/d3-interpolate': 3.0.4
      '@types/d3-selection': 3.0.11

  '@types/node@16.18.126': {}

  '@types/prop-types@15.7.14': {}

  '@types/react-dom@18.3.5(@types/react@18.3.18)':
    dependencies:
      '@types/react': 18.3.18

  '@types/react@18.3.18':
    dependencies:
      '@types/prop-types': 15.7.14
      csstype: 3.1.3

  '@types/vscode@1.98.0': {}

  '@xyflow/react@12.4.4(@types/react@18.3.18)(react-dom@18.3.1(react@18.3.1))(react@18.3.1)':
    dependencies:
      '@xyflow/system': 0.0.52
      classcat: 5.0.5
      react: 18.3.1
      react-dom: 18.3.1(react@18.3.1)
      zustand: 4.5.6(@types/react@18.3.18)(react@18.3.1)
    transitivePeerDependencies:
      - '@types/react'
      - immer

  '@xyflow/system@0.0.52':
    dependencies:
      '@types/d3-drag': 3.0.7
      '@types/d3-selection': 3.0.11
      '@types/d3-transition': 3.0.9
      '@types/d3-zoom': 3.0.8
      d3-drag: 3.0.0
      d3-selection: 3.0.0
      d3-zoom: 3.0.0

  classcat@5.0.5: {}

  csstype@3.1.3: {}

  d3-color@3.1.0: {}

  d3-dispatch@3.0.1: {}

  d3-drag@3.0.0:
    dependencies:
      d3-dispatch: 3.0.1
      d3-selection: 3.0.0

  d3-ease@3.0.1: {}

  d3-interpolate@3.0.1:
    dependencies:
      d3-color: 3.1.0

  d3-selection@3.0.0: {}

  d3-timer@3.0.1: {}

  d3-transition@3.0.1(d3-selection@3.0.0):
    dependencies:
      d3-color: 3.1.0
      d3-dispatch: 3.0.1
      d3-ease: 3.0.1
      d3-interpolate: 3.0.1
      d3-selection: 3.0.0
      d3-timer: 3.0.1

  d3-zoom@3.0.0:
    dependencies:
      d3-dispatch: 3.0.1
      d3-drag: 3.0.0
      d3-interpolate: 3.0.1
      d3-selection: 3.0.0
      d3-transition: 3.0.1(d3-selection@3.0.0)

  esbuild@0.18.20:
    optionalDependencies:
      '@esbuild/android-arm': 0.18.20
      '@esbuild/android-arm64': 0.18.20
      '@esbuild/android-x64': 0.18.20
      '@esbuild/darwin-arm64': 0.18.20
      '@esbuild/darwin-x64': 0.18.20
      '@esbuild/freebsd-arm64': 0.18.20
      '@esbuild/freebsd-x64': 0.18.20
      '@esbuild/linux-arm': 0.18.20
      '@esbuild/linux-arm64': 0.18.20
      '@esbuild/linux-ia32': 0.18.20
      '@esbuild/linux-loong64': 0.18.20
      '@esbuild/linux-mips64el': 0.18.20
      '@esbuild/linux-ppc64': 0.18.20
      '@esbuild/linux-riscv64': 0.18.20
      '@esbuild/linux-s390x': 0.18.20
      '@esbuild/linux-x64': 0.18.20
      '@esbuild/netbsd-x64': 0.18.20
      '@esbuild/openbsd-x64': 0.18.20
      '@esbuild/sunos-x64': 0.18.20
      '@esbuild/win32-arm64': 0.18.20
      '@esbuild/win32-ia32': 0.18.20
      '@esbuild/win32-x64': 0.18.20

  js-tokens@4.0.0: {}

  loose-envify@1.4.0:
    dependencies:
      js-tokens: 4.0.0

  react-dom@18.3.1(react@18.3.1):
    dependencies:
      loose-envify: 1.4.0
      react: 18.3.1
      scheduler: 0.23.2

  react@18.3.1:
    dependencies:
      loose-envify: 1.4.0

  scheduler@0.23.2:
    dependencies:
      loose-envify: 1.4.0

  typescript@5.8.2: {}

  use-sync-external-store@1.4.0(react@18.3.1):
    dependencies:
      react: 18.3.1

  zustand@4.5.6(@types/react@18.3.18)(react@18.3.1):
    dependencies:
      use-sync-external-store: 1.4.0(react@18.3.1)
    optionalDependencies:
      '@types/react': 18.3.18
      react: 18.3.1
